{
  "name": "dp-ronin-fhir-profile",
  "version": "1.0.0",
  "lockfileVersion": 2,
  "requires": true,
  "packages": {
    "": {
      "name": "dp-ronin-fhir-profile",
      "version": "1.0.0",
      "license": "ISC",
      "dependencies": {
        "@zen-lang/hl7-fhir-r4-core": "^0.2.15",
        "@zen-lang/hl7-fhir-us-core": "^0.2.15"
      }
    },
    "node_modules/@zen-lang/hl7-fhir-r4-core": {
      "version": "0.2.15",
      "resolved": "https://registry.npmjs.org/@zen-lang/hl7-fhir-r4-core/-/hl7-fhir-r4-core-0.2.15.tgz",
      "integrity": "sha512-cMd5YA+JuYAQX+CIUrAklvRrSHRShNNwQGRWXN2GDlz3c1u9s9RcyY8vnCXiXKm6ggo4lEXk+bVve8o2SKRZGg=="
    },
    "node_modules/@zen-lang/hl7-fhir-us-core": {
      "version": "0.2.15",
      "resolved": "https://registry.npmjs.org/@zen-lang/hl7-fhir-us-core/-/hl7-fhir-us-core-0.2.15.tgz",
      "integrity": "sha512-UTn4kgMvycZJVhaC0eOBwh7fB4j01FMFJpdVC9gdf4kcBwApCFeFd5mlDNJTzknqX5Dd7Yg95Wq0GgMry1iKYQ==",
      "dependencies": {
        "@zen-lang/hl7-fhir-r4-core": "0.2.15"
      }
    }
  },
  "dependencies": {
    "@zen-lang/hl7-fhir-r4-core": {
      "version": "0.2.15",
      "resolved": "https://registry.npmjs.org/@zen-lang/hl7-fhir-r4-core/-/hl7-fhir-r4-core-0.2.15.tgz",
      "integrity": "sha512-cMd5YA+JuYAQX+CIUrAklvRrSHRShNNwQGRWXN2GDlz3c1u9s9RcyY8vnCXiXKm6ggo4lEXk+bVve8o2SKRZGg=="
    },
    "@zen-lang/hl7-fhir-us-core": {
      "version": "0.2.15",
      "resolved": "https://registry.npmjs.org/@zen-lang/hl7-fhir-us-core/-/hl7-fhir-us-core-0.2.15.tgz",
      "integrity": "sha512-UTn4kgMvycZJVhaC0eOBwh7fB4j01FMFJpdVC9gdf4kcBwApCFeFd5mlDNJTzknqX5Dd7Yg95Wq0GgMry1iKYQ==",
      "requires": {
        "@zen-lang/hl7-fhir-r4-core": "0.2.15"
      }
    }
  }
}
