{
  "name": "dp-ronin-fhir-profile",
  "version": "1.0.0",
  "lockfileVersion": 2,
  "requires": true,
  "packages": {
    "": {
      "name": "dp-ronin-fhir-profile",
      "version": "1.0.0",
      "license": "ISC",
      "dependencies": {
        "@zen-lang/hl7-fhir-r4-core": "^0.2.11",
        "@zen-lang/hl7-fhir-us-core": "^0.2.11"
      }
    },
    "node_modules/@zen-lang/hl7-fhir-r4-core": {
      "version": "0.2.11",
      "resolved": "https://registry.npmjs.org/@zen-lang/hl7-fhir-r4-core/-/hl7-fhir-r4-core-0.2.11.tgz",
      "integrity": "sha512-WB82wa8+FTctdNcA0RFwp3WLJLKblv1JpdD/0pPdaRkLQXQ0CJ0+K/PMpkfqVvuu/D4HcKxa3CnTsyaN/unZyQ=="
    },
    "node_modules/@zen-lang/hl7-fhir-us-core": {
      "version": "0.2.11",
      "resolved": "https://registry.npmjs.org/@zen-lang/hl7-fhir-us-core/-/hl7-fhir-us-core-0.2.11.tgz",
      "integrity": "sha512-RPLlghDEA8eMv+lJxdxp2mdf1FQZrA4yPW6e/3MSz+5qtU45PNjel5k0dTi83vCJlL5clVpdS8VulgMptJ7c+A==",
      "dependencies": {
        "@zen-lang/hl7-fhir-r4-core": "0.2.11"
      }
    }
  },
  "dependencies": {
    "@zen-lang/hl7-fhir-r4-core": {
      "version": "0.2.11",
      "resolved": "https://registry.npmjs.org/@zen-lang/hl7-fhir-r4-core/-/hl7-fhir-r4-core-0.2.11.tgz",
      "integrity": "sha512-WB82wa8+FTctdNcA0RFwp3WLJLKblv1JpdD/0pPdaRkLQXQ0CJ0+K/PMpkfqVvuu/D4HcKxa3CnTsyaN/unZyQ=="
    },
    "@zen-lang/hl7-fhir-us-core": {
      "version": "0.2.11",
      "resolved": "https://registry.npmjs.org/@zen-lang/hl7-fhir-us-core/-/hl7-fhir-us-core-0.2.11.tgz",
      "integrity": "sha512-RPLlghDEA8eMv+lJxdxp2mdf1FQZrA4yPW6e/3MSz+5qtU45PNjel5k0dTi83vCJlL5clVpdS8VulgMptJ7c+A==",
      "requires": {
        "@zen-lang/hl7-fhir-r4-core": "0.2.11"
      }
    }
  }
}
