{
  "name": "dp-ronin-fhir-profile",
  "version": "1.0.0",
  "lockfileVersion": 2,
  "requires": true,
  "packages": {
    "": {
      "name": "dp-ronin-fhir-profile",
      "version": "1.0.0",
      "license": "ISC",
      "dependencies": {
        "@zen-lang/hl7-fhir-r4-core": "^0.2.24",
        "@zen-lang/hl7-fhir-us-core": "^0.2.24"
      }
    },
    "node_modules/@zen-lang/hl7-fhir-r4-core": {
      "version": "0.2.24",
      "resolved": "https://registry.npmjs.org/@zen-lang/hl7-fhir-r4-core/-/hl7-fhir-r4-core-0.2.24.tgz",
      "integrity": "sha512-EYo7m7w1KXEVCXjFyK5BKsJhX4cnIpLydGw3gvEeuEfwrjUn3kh0POuwkVCGznNCDVgbl4N1rZNsal8ktWM5Aw=="
    },
    "node_modules/@zen-lang/hl7-fhir-us-core": {
      "version": "0.2.24",
      "resolved": "https://registry.npmjs.org/@zen-lang/hl7-fhir-us-core/-/hl7-fhir-us-core-0.2.24.tgz",
      "integrity": "sha512-6KYXy4aUze2t9K833HVGx7d3PKkXZCHdSM2G42cfWJTdi+yqcPyqw0RjqizfBeY3IVT4vX1mK5UtbUQy/rebHg==",
      "dependencies": {
        "@zen-lang/hl7-fhir-r4-core": "0.2.24"
      }
    }
  },
  "dependencies": {
    "@zen-lang/hl7-fhir-r4-core": {
      "version": "0.2.24",
      "resolved": "https://registry.npmjs.org/@zen-lang/hl7-fhir-r4-core/-/hl7-fhir-r4-core-0.2.24.tgz",
      "integrity": "sha512-EYo7m7w1KXEVCXjFyK5BKsJhX4cnIpLydGw3gvEeuEfwrjUn3kh0POuwkVCGznNCDVgbl4N1rZNsal8ktWM5Aw=="
    },
    "@zen-lang/hl7-fhir-us-core": {
      "version": "0.2.24",
      "resolved": "https://registry.npmjs.org/@zen-lang/hl7-fhir-us-core/-/hl7-fhir-us-core-0.2.24.tgz",
      "integrity": "sha512-6KYXy4aUze2t9K833HVGx7d3PKkXZCHdSM2G42cfWJTdi+yqcPyqw0RjqizfBeY3IVT4vX1mK5UtbUQy/rebHg==",
      "requires": {
        "@zen-lang/hl7-fhir-r4-core": "0.2.24"
      }
    }
  }
}
